
Microsoft Visual Studio Solution File, Format Version 12.00
# Visual Studio Version 17
VisualStudioVersion = 17.3.32929.385
MinimumVisualStudioVersion = 10.0.40219.1
Project("{FAE04EC0-301F-11D3-BF4B-00C04F79EFBC}") = "csharp-functions", "csharp-functions.csproj", "{3C1A92CD-62EE-4BCE-AF01-F8A75B75F41E}"
EndProject
Global
	GlobalSection(SolutionConfigurationPlatforms) = preSolution
		Debug|Any CPU = Debug|Any CPU
		Release|Any CPU = Release|Any CPU
	EndGlobalSection
	GlobalSection(ProjectConfigurationPlatforms) = postSolution
		{3C1A92CD-62EE-4BCE-AF01-F8A75B75F41E}.Debug|Any CPU.ActiveCfg = Debug|Any CPU
		{3C1A92CD-62EE-4BCE-AF01-F8A75B75F41E}.Debug|Any CPU.Build.0 = Debug|Any CPU
		{3C1A92CD-62EE-4BCE-AF01-F8A75B75F41E}.Release|Any CPU.ActiveCfg = Release|Any CPU
		{3C1A92CD-62EE-4BCE-AF01-F8A75B75F41E}.Release|Any CPU.Build.0 = Release|Any CPU
	EndGlobalSection
	GlobalSection(SolutionProperties) = preSolution
		HideSolutionNode = FALSE
	EndGlobalSection
	GlobalSection(ExtensibilityGlobals) = postSolution
		SolutionGuid = {0385B0E2-6D49-43C5-AE9F-5111E08ACB19}
	EndGlobalSection
EndGlobal
